
Microsoft Visual Studio Solution File, Format Version 12.00
# Visual Studio Version 17
VisualStudioVersion = 17.11.35327.3
MinimumVisualStudioVersion = 10.0.40219.1
Project("{888888A0-9F3D-457C-B088-3A5042F75D52}") = "№6 Python", "№6 Python\№6 Python.pyproj", "{A5C2F7F1-416A-465C-9FF3-DEA2F2867341}"
EndProject
Global
	GlobalSection(SolutionConfigurationPlatforms) = preSolution
		Debug|Any CPU = Debug|Any CPU
		Release|Any CPU = Release|Any CPU
	EndGlobalSection
	GlobalSection(ProjectConfigurationPlatforms) = postSolution
		{A5C2F7F1-416A-465C-9FF3-DEA2F2867341}.Debug|Any CPU.ActiveCfg = Debug|Any CPU
		{A5C2F7F1-416A-465C-9FF3-DEA2F2867341}.Release|Any CPU.ActiveCfg = Release|Any CPU
	EndGlobalSection
	GlobalSection(SolutionProperties) = preSolution
		HideSolutionNode = FALSE
	EndGlobalSection
	GlobalSection(ExtensibilityGlobals) = postSolution
		SolutionGuid = {BF93B0ED-80E2-4B51-B630-AF40E971C913}
	EndGlobalSection
EndGlobal
